Microsoft Visual Studio Solution File, Format Version 11.00
# Visual Studio 2008

Project("{58FCDC25-427E-230E-C3F4-0A3F248FE3AD}") = "UMath", "Assembly-CSharp.csproj", "{5EA7F34A-081C-BDE3-2FF2-101676F3E0B2}"
EndProject
Global
	GlobalSection(SolutionConfigurationPlatforms) = preSolution
		Debug|Any CPU = Debug|Any CPU
		Release|Any CPU = Release|Any CPU
	EndGlobalSection
	GlobalSection(ProjectConfigurationPlatforms) = postSolution
		{5EA7F34A-081C-BDE3-2FF2-101676F3E0B2}.Debug|Any CPU.ActiveCfg = Debug|Any CPU
		{5EA7F34A-081C-BDE3-2FF2-101676F3E0B2}.Debug|Any CPU.Build.0 = Debug|Any CPU
		{5EA7F34A-081C-BDE3-2FF2-101676F3E0B2}.Release|Any CPU.ActiveCfg = Release|Any CPU
		{5EA7F34A-081C-BDE3-2FF2-101676F3E0B2}.Release|Any CPU.Build.0 = Release|Any CPU
	EndGlobalSection
	GlobalSection(SolutionProperties) = preSolution
		HideSolutionNode = FALSE
	EndGlobalSection
	GlobalSection(MonoDevelopProperties) = preSolution
		StartupItem = Assembly-CSharp.csproj
	EndGlobalSection
EndGlobal
